{
  "nodes": {
    "libsbml": {
      "flake": false,
      "locked": {
        "lastModified": 1248798728,
        "narHash": "sha256-iQ/2eAszAkpdfA4C645bc6JF0tLFSZSQnD/GSruPe1w=",
        "owner": "sbmlteam",
        "repo": "libsbml",
        "rev": "186f62fc34f5836cff0ed162aa5e8b880f22fcb1",
        "type": "github"
      },
      "original": {
        "owner": "sbmlteam",
        "repo": "libsbml",
        "rev": "186f62fc34f5836cff0ed162aa5e8b880f22fcb1",
        "type": "github"
      }
    },
    "nixpkgs": {
      "locked": {
        "lastModified": 1704420045,
        "narHash": "sha256-C36QmoJd5tdQ5R9MC1jM7fBkZW9zBUqbUCsgwS6j4QU=",
        "owner": "NixOS",
        "repo": "nixpkgs",
        "rev": "c1be43e8e837b8dbee2b3665a007e761680f0c3d",
        "type": "github"
      },
      "original": {
        "owner": "NixOS",
        "ref": "nixos-23.11",
        "repo": "nixpkgs",
        "type": "github"
      }
    },
    "root": {
      "inputs": {
        "libsbml": "libsbml",
        "nixpkgs": "nixpkgs"
      }
    }
  },
  "root": "root",
  "version": 7
}
